// !$*UTF8*$!
{
	archiveVersion = 1;
	classes = {
	};
	objectVersion = 48;
	objects = {

/* Begin PBXBuildFile section */
		2DBB73E5204EE56200C3C5F8 /* AppDelegate.swift in Sources */ = {isa = PBXBuildFile; fileRef = 2DBB73E4204EE56200C3C5F8 /* AppDelegate.swift */; };
		2DBB73E7204EE56200C3C5F8 /* ViewController.swift in Sources */ = {isa = PBXBuildFile; fileRef = 2DBB73E6204EE56200C3C5F8 /* ViewController.swift */; };
		2DBB73EA204EE56200C3C5F8 /* Main.storyboard in Resources */ = {isa = PBXBuildFile; fileRef = 2DBB73E8204EE56200C3C5F8 /* Main.storyboard */; };
		2DBB73ED204EE56200C3C5F8 /* Dicee.xcdatamodeld in Sources */ = {isa = PBXBuildFile; fileRef = 2DBB73EB204EE56200C3C5F8 /* Dicee.xcdatamodeld */; };
		2DBB73EF204EE56200C3C5F8 /* Assets.xcassets in Resources */ = {isa = PBXBuildFile; fileRef = 2DBB73EE204EE56200C3C5F8 /* Assets.xcassets */; };
		2DBB73F2204EE56200C3C5F8 /* LaunchScreen.storyboard in Resources */ = {isa = PBXBuildFile; fileRef = 2DBB73F0204EE56200C3C5F8 /* LaunchScreen.storyboard */; };
		2DBB73FD204EE56200C3C5F8 /* DiceeTests.swift in Sources */ = {isa = PBXBuildFile; fileRef = 2DBB73FC204EE56200C3C5F8 /* DiceeTests.swift */; };
/* End PBXBuildFile section */

/* Begin PBXContainerItemProxy section */
		2DBB73F9204EE56200C3C5F8 /* PBXContainerItemProxy */ = {
			isa = PBXContainerItemProxy;
			containerPortal = 2DBB73D9204EE56200C3C5F8 /* Project object */;
			proxyType = 1;
			remoteGlobalIDString = 2DBB73E0204EE56200C3C5F8;
			remoteInfo = Dicee;
		};
/* End PBXContainerItemProxy section */

/* Begin PBXFileReference section */
		2DBB73E1204EE56200C3C5F8 /* Dicee.app */ = {isa = PBXFileReference; explicitFileType = wrapper.application; includeInIndex = 0; path = Dicee.app; sourceTree = BUILT_PRODUCTS_DIR; };
		2DBB73E4204EE56200C3C5F8 /* AppDelegate.swift */ = {isa = PBXFileReference; lastKnownFileType = sourcecode.swift; path = AppDelegate.swift; sourceTree = "<group>"; };
		2DBB73E6204EE56200C3C5F8 /* ViewController.swift */ = {isa = PBXFileReference; lastKnownFileType = sourcecode.swift; path = ViewController.swift; sourceTree = "<group>"; };
		2DBB73E9204EE56200C3C5F8 /* Base */ = {isa = PBXFileReference; lastKnownFileType = file.storyboard; name = Base; path = Base.lproj/Main.storyboard; sourceTree = "<group>"; };
		2DBB73EC204EE56200C3C5F8 /* Dicee.xcdatamodel */ = {isa = PBXFileReference; lastKnownFileType = wrapper.xcdatamodel; path = Dicee.xcdatamodel; sourceTree = "<group>"; };
		2DBB73EE204EE56200C3C5F8 /* Assets.xcassets */ = {isa = PBXFileReference; lastKnownFileType = folder.assetcatalog; path = Assets.xcassets; sourceTree = "<group>"; };
		2DBB73F1204EE56200C3C5F8 /* Base */ = {isa = PBXFileReference; lastKnownFileType = file.storyboard; name = Base; path = Base.lproj/LaunchScreen.storyboard; sourceTree = "<group>"; };
		2DBB73F3204EE56200C3C5F8 /* Info.plist */ = {isa = PBXFileReference; lastKnownFileType = text.plist.xml; path = Info.plist; sourceTree = "<group>"; };
		2DBB73F8204EE56200C3C5F8 /* DiceeTests.xctest */ = {isa = PBXFileReference; explicitFileType = wrapper.cfbundle; includeInIndex = 0; path = DiceeTests.xctest; sourceTree = BUILT_PRODUCTS_DIR; };
		2DBB73FC204EE56200C3C5F8 /* DiceeTests.swift */ = {isa = PBXFileReference; lastKnownFileType = sourcecode.swift; path = DiceeTests.swift; sourceTree = "<group>"; };
		2DBB73FE204EE56200C3C5F8 /* Info.plist */ = {isa = PBXFileReference; lastKnownFileType = text.plist.xml; path = Info.plist; sourceTree = "<group>"; };
/* End PBXFileReference section */

/* Begin PBXFrameworksBuildPhase section */
		2DBB73DE204EE56200C3C5F8 /* Frameworks */ = {
			isa = PBXFrameworksBuildPhase;
			buildActionMask = 2147483647;
			files = (
			);
			runOnlyForDeploymentPostprocessing = 0;
		};
		2DBB73F5204EE56200C3C5F8 /* Frameworks */ = {
			isa = PBXFrameworksBuildPhase;
			buildActionMask = 2147483647;
			files = (
			);
			runOnlyForDeploymentPostprocessing = 0;
		};
/* End PBXFrameworksBuildPhase section */

/* Begin PBXGroup section */
		2DBB73D8204EE56200C3C5F8 = {
			isa = PBXGroup;
			children = (
				2DBB73E3204EE56200C3C5F8 /* Dicee */,
				2DBB73FB204EE56200C3C5F8 /* DiceeTests */,
				2DBB73E2204EE56200C3C5F8 /* Products */,
			);
			sourceTree = "<group>";
		};
		2DBB73E2204EE56200C3C5F8 /* Products */ = {
			isa = PBXGroup;
			children = (
				2DBB73E1204EE56200C3C5F8 /* Dicee.app */,
				2DBB73F8204EE56200C3C5F8 /* DiceeTests.xctest */,
			);
			name = Products;
			sourceTree = "<group>";
		};
		2DBB73E3204EE56200C3C5F8 /* Dicee */ = {
			isa = PBXGroup;
			children = (
				2DBB73E4204EE56200C3C5F8 /* AppDelegate.swift */,
				2DBB73E6204EE56200C3C5F8 /* ViewController.swift */,
				2DBB73E8204EE56200C3C5F8 /* Main.storyboard */,
				2DBB73EE204EE56200C3C5F8 /* Assets.xcassets */,
				2DBB73F0204EE56200C3C5F8 /* LaunchScreen.storyboard */,
				2DBB73F3204EE56200C3C5F8 /* Info.plist */,
				2DBB73EB204EE56200C3C5F8 /* Dicee.xcdatamodeld */,
			);
			path = Dicee;
			sourceTree = "<group>";
		};
		2DBB73FB204EE56200C3C5F8 /* DiceeTests */ = {
			isa = PBXGroup;
			children = (
				2DBB73FC204EE56200C3C5F8 /* DiceeTests.swift */,
				2DBB73FE204EE56200C3C5F8 /* Info.plist */,
			);
			path = DiceeTests;
			sourceTree = "<group>";
		};
/* End PBXGroup section */

/* Begin PBXNativeTarget section */
		2DBB73E0204EE56200C3C5F8 /* Dicee */ = {
			isa = PBXNativeTarget;
			buildConfigurationList = 2DBB7401204EE56200C3C5F8 /* Build configuration list for PBXNativeTarget "Dicee" */;
			buildPhases = (
				2DBB73DD204EE56200C3C5F8 /* Sources */,
				2DBB73DE204EE56200C3C5F8 /* Frameworks */,
				2DBB73DF204EE56200C3C5F8 /* Resources */,
			);
			buildRules = (
			);
			dependencies = (
			);
			name = Dicee;
			productName = Dicee;
			productReference = 2DBB73E1204EE56200C3C5F8 /* Dicee.app */;
			productType = "com.apple.product-type.application";
		};
		2DBB73F7204EE56200C3C5F8 /* DiceeTests */ = {
			isa = PBXNativeTarget;
			buildConfigurationList = 2DBB7404204EE56200C3C5F8 /* Build configuration list for PBXNativeTarget "DiceeTests" */;
			buildPhases = (
				2DBB73F4204EE56200C3C5F8 /* Sources */,
				2DBB73F5204EE56200C3C5F8 /* Frameworks */,
				2DBB73F6204EE56200C3C5F8 /* Resources */,
			);
			buildRules = (
			);
			dependencies = (
				2DBB73FA204EE56200C3C5F8 /* PBXTargetDependency */,
			);
			name = DiceeTests;
			productName = DiceeTests;
			productReference = 2DBB73F8204EE56200C3C5F8 /* DiceeTests.xctest */;
			productType = "com.apple.product-type.bundle.unit-test";
		};
/* End PBXNativeTarget section */

/* Begin PBXProject section */
		2DBB73D9204EE56200C3C5F8 /* Project object */ = {
			isa = PBXProject;
			attributes = {
				LastSwiftUpdateCheck = 0920;
				LastUpgradeCheck = 0920;
				ORGANIZATIONNAME = "Chris Tang";
				TargetAttributes = {
					2DBB73E0204EE56200C3C5F8 = {
						CreatedOnToolsVersion = 9.2;
						ProvisioningStyle = Automatic;
					};
					2DBB73F7204EE56200C3C5F8 = {
						CreatedOnToolsVersion = 9.2;
						ProvisioningStyle = Automatic;
						TestTargetID = 2DBB73E0204EE56200C3C5F8;
					};
				};
			};
			buildConfigurationList = 2DBB73DC204EE56200C3C5F8 /* Build configuration list for PBXProject "Dicee" */;
			compatibilityVersion = "Xcode 8.0";
			developmentRegion = en;
			hasScannedForEncodings = 0;
			knownRegions = (
				en,
				Base,
			);
			mainGroup = 2DBB73D8204EE56200C3C5F8;
			productRefGroup = 2DBB73E2204EE56200C3C5F8 /* Products */;
			projectDirPath = "";
			projectRoot = "";
			targets = (
				2DBB73E0204EE56200C3C5F8 /* Dicee */,
				2DBB73F7204EE56200C3C5F8 /* DiceeTests */,
			);
		};
/* End PBXProject section */

/* Begin PBXResourcesBuildPhase section */
		2DBB73DF204EE56200C3C5F8 /* Resources */ = {
			isa = PBXResourcesBuildPhase;
			buildActionMask = 2147483647;
			files = (
				2DBB73F2204EE56200C3C5F8 /* LaunchScreen.storyboard in Resources */,
				2DBB73EF204EE56200C3C5F8 /* Assets.xcassets in Resources */,
				2DBB73EA204EE56200C3C5F8 /* Main.storyboard in Resources */,
			);
			runOnlyForDeploymentPostprocessing = 0;
		};
		2DBB73F6204EE56200C3C5F8 /* Resources */ = {
			isa = PBXResourcesBuildPhase;
			buildActionMask = 2147483647;
			files = (
			);
			runOnlyForDeploymentPostprocessing = 0;
		};
/* End PBXResourcesBuildPhase section */

/* Begin PBXSourcesBuildPhase section */
		2DBB73DD204EE56200C3C5F8 /* Sources */ = {
			isa = PBXSourcesBuildPhase;
			buildActionMask = 2147483647;
			files = (
				2DBB73ED204EE56200C3C5F8 /* Dicee.xcdatamodeld in Sources */,
				2DBB73E7204EE56200C3C5F8 /* ViewController.swift in Sources */,
				2DBB73E5204EE56200C3C5F8 /* AppDelegate.swift in Sources */,
			);
			runOnlyForDeploymentPostprocessing = 0;
		};
		2DBB73F4204EE56200C3C5F8 /* Sources */ = {
			isa = PBXSourcesBuildPhase;
			buildActionMask = 2147483647;
			files = (
				2DBB73FD204EE56200C3C5F8 /* DiceeTests.swift in Sources */,
			);
			runOnlyForDeploymentPostprocessing = 0;
		};
/* End PBXSourcesBuildPhase section */

/* Begin PBXTargetDependency section */
		2DBB73FA204EE56200C3C5F8 /* PBXTargetDependency */ = {
			isa = PBXTargetDependency;
			target = 2DBB73E0204EE56200C3C5F8 /* Dicee */;
			targetProxy = 2DBB73F9204EE56200C3C5F8 /* PBXContainerItemProxy */;
		};
/* End PBXTargetDependency section */

/* Begin PBXVariantGroup section */
		2DBB73E8204EE56200C3C5F8 /* Main.storyboard */ = {
			isa = PBXVariantGroup;
			children = (
				2DBB73E9204EE56200C3C5F8 /* Base */,
			);
			name = Main.storyboard;
			sourceTree = "<group>";
		};
		2DBB73F0204EE56200C3C5F8 /* LaunchScreen.storyboard */ = {
			isa = PBXVariantGroup;
			children = (
				2DBB73F1204EE56200C3C5F8 /* Base */,
			);
			name = LaunchScreen.storyboard;
			sourceTree = "<group>";
		};
/* End PBXVariantGroup section */

/* Begin XCBuildConfiguration section */
		2DBB73FF204EE56200C3C5F8 /* Debug */ = {
			isa = XCBuildConfiguration;
			buildSettings = {
				ALWAYS_SEARCH_USER_PATHS = NO;
				CLANG_ANALYZER_NONNULL = YES;
				CLANG_ANALYZER_NUMBER_OBJECT_CONVERSION = YES_AGGRESSIVE;
				CLANG_CXX_LANGUAGE_STANDARD = "gnu++14";
				CLANG_CXX_LIBRARY = "libc++";
				CLANG_ENABLE_MODULES = YES;
				CLANG_ENABLE_OBJC_ARC = YES;
				CLANG_WARN_BLOCK_CAPTURE_AUTORELEASING = YES;
				CLANG_WARN_BOOL_CONVERSION = YES;
				CLANG_WARN_COMMA = YES;
				CLANG_WARN_CONSTANT_CONVERSION = YES;
				CLANG_WARN_DIRECT_OBJC_ISA_USAGE = YES_ERROR;
				CLANG_WARN_DOCUMENTATION_COMMENTS = YES;
				CLANG_WARN_EMPTY_BODY = YES;
				CLANG_WARN_ENUM_CONVERSION = YES;
				CLANG_WARN_INFINITE_RECURSION = YES;
				CLANG_WARN_INT_CONVERSION = YES;
				CLANG_WARN_NON_LITERAL_NULL_CONVERSION = YES;
				CLANG_WARN_OBJC_LITERAL_CONVERSION = YES;
				CLANG_WARN_OBJC_ROOT_CLASS = YES_ERROR;
				CLANG_WARN_RANGE_LOOP_ANALYSIS = YES;
				CLANG_WARN_STRICT_PROTOTYPES = YES;
				CLANG_WARN_SUSPICIOUS_MOVE = YES;
				CLANG_WARN_UNGUARDED_AVAILABILITY = YES_AGGRESSIVE;
				CLANG_WARN_UNREACHABLE_CODE = YES;
				CLANG_WARN__DUPLICATE_METHOD_MATCH = YES;
				CODE_SIGN_IDENTITY = "iPhone Developer";
				COPY_PHASE_STRIP = NO;
				DEBUG_INFORMATION_FORMAT = dwarf;
				ENABLE_STRICT_OBJC_MSGSEND = YES;
				ENABLE_TESTABILITY = YES;
				GCC_C_LANGUAGE_STANDARD = gnu11;
				GCC_DYNAMIC_NO_PIC = NO;
				GCC_NO_COMMON_BLOCKS = YES;
				GCC_OPTIMIZATION_LEVEL = 0;
				GCC_PREPROCESSOR_DEFINITIONS = (
					"DEBUG=1",
					"$(inherited)",
				);
				GCC_WARN_64_TO_32_BIT_CONVERSION = YES;
				GCC_WARN_ABOUT_RETURN_TYPE = YES_ERROR;
				GCC_WARN_UNDECLARED_SELECTOR = YES;
				GCC_WARN_UNINITIALIZED_AUTOS = YES_AGGRESSIVE;
				GCC_WARN_UNUSED_FUNCTION = YES;
				GCC_WARN_UNUSED_VARIABLE = YES;
				IPHONEOS_DEPLOYMENT_TARGET = 11.2;
				MTL_ENABLE_DEBUG_INFO = YES;
				ONLY_ACTIVE_ARCH = YES;
				SDKROOT = iphoneos;
				SWIFT_ACTIVE_COMPILATION_CONDITIONS = DEBUG;
				SWIFT_OPTIMIZATION_LEVEL = "-Onone";
			};
			name = Debug;
		};
		2DBB7400204EE56200C3C5F8 /* Release */ = {
			isa = XCBuildConfiguration;
			buildSettings = {
				ALWAYS_SEARCH_USER_PATHS = NO;
				CLANG_ANALYZER_NONNULL = YES;
				CLANG_ANALYZER_NUMBER_OBJECT_CONVERSION = YES_AGGRESSIVE;
				CLANG_CXX_LANGUAGE_STANDARD = "gnu++14";
				CLANG_CXX_LIBRARY = "libc++";
				CLANG_ENABLE_MODULES = YES;
				CLANG_ENABLE_OBJC_ARC = YES;
				CLANG_WARN_BLOCK_CAPTURE_AUTORELEASING = YES;
				CLANG_WARN_BOOL_CONVERSION = YES;
				CLANG_WARN_COMMA = YES;
				CLANG_WARN_CONSTANT_CONVERSION = YES;
				CLANG_WARN_DIRECT_OBJC_ISA_USAGE = YES_ERROR;
				CLANG_WARN_DOCUMENTATION_COMMENTS = YES;
				CLANG_WARN_EMPTY_BODY = YES;
				CLANG_WARN_ENUM_CONVERSION = YES;
				CLANG_WARN_INFINITE_RECURSION = YES;
				CLANG_WARN_INT_CONVERSION = YES;
				CLANG_WARN_NON_LITERAL_NULL_CONVERSION = YES;
				CLANG_WARN_OBJC_LITERAL_CONVERSION = YES;
				CLANG_WARN_OBJC_ROOT_CLASS = YES_ERROR;
				CLANG_WARN_RANGE_LOOP_ANALYSIS = YES;
				CLANG_WARN_STRICT_PROTOTYPES = YES;
				CLANG_WARN_SUSPICIOUS_MOVE = YES;
				CLANG_WARN_UNGUARDED_AVAILABILITY = YES_AGGRESSIVE;
				CLANG_WARN_UNREACHABLE_CODE = YES;
				CLANG_WARN__DUPLICATE_METHOD_MATCH = YES;
				CODE_SIGN_IDENTITY = "iPhone Developer";
				COPY_PHASE_STRIP = NO;
				DEBUG_INFORMATION_FORMAT = "dwarf-with-dsym";
				ENABLE_NS_ASSERTIONS = NO;
				ENABLE_STRICT_OBJC_MSGSEND = YES;
				GCC_C_LANGUAGE_STANDARD = gnu11;
				GCC_NO_COMMON_BLOCKS = YES;
				GCC_WARN_64_TO_32_BIT_CONVERSION = YES;
				GCC_WARN_ABOUT_RETURN_TYPE = YES_ERROR;
				GCC_WARN_UNDECLARED_SELECTOR = YES;
				GCC_WARN_UNINITIALIZED_AUTOS = YES_AGGRESSIVE;
				GCC_WARN_UNUSED_FUNCTION = YES;
				GCC_WARN_UNUSED_VARIABLE = YES;
				IPHONEOS_DEPLOYMENT_TARGET = 11.2;
				MTL_ENABLE_DEBUG_INFO = NO;
				SDKROOT = iphoneos;
				SWIFT_OPTIMIZATION_LEVEL = "-Owholemodule";
				VALIDATE_PRODUCT = YES;
			};
			name = Release;
		};
		2DBB7402204EE56200C3C5F8 /* Debug */ = {
			isa = XCBuildConfiguration;
			buildSettings = {
				ASSETCATALOG_COMPILER_APPICON_NAME = AppIcon;
				CODE_SIGN_STYLE = Automatic;
				INFOPLIST_FILE = Dicee/Info.plist;
				LD_RUNPATH_SEARCH_PATHS = "$(inherited) @executable_path/Frameworks";
				PRODUCT_BUNDLE_IDENTIFIER = com.christang.Dicee;
				PRODUCT_NAME = "$(TARGET_NAME)";
				SWIFT_VERSION = 4.0;
				TARGETED_DEVICE_FAMILY = "1,2";
			};
			name = Debug;
		};
		2DBB7403204EE56200C3C5F8 /* Release */ = {
			isa = XCBuildConfiguration;
			buildSettings = {
				ASSETCATALOG_COMPILER_APPICON_NAME = AppIcon;
				CODE_SIGN_STYLE = Automatic;
				INFOPLIST_FILE = Dicee/Info.plist;
				LD_RUNPATH_SEARCH_PATHS = "$(inherited) @executable_path/Frameworks";
				PRODUCT_BUNDLE_IDENTIFIER = com.christang.Dicee;
				PRODUCT_NAME = "$(TARGET_NAME)";
				SWIFT_VERSION = 4.0;
				TARGETED_DEVICE_FAMILY = "1,2";
			};
			name = Release;
		};
		2DBB7405204EE56200C3C5F8 /* Debug */ = {
			isa = XCBuildConfiguration;
			buildSettings = {
				ALWAYS_EMBED_SWIFT_STANDARD_LIBRARIES = YES;
				BUNDLE_LOADER = "$(TEST_HOST)";
				CODE_SIGN_STYLE = Automatic;
				INFOPLIST_FILE = DiceeTests/Info.plist;
				LD_RUNPATH_SEARCH_PATHS = "$(inherited) @executable_path/Frameworks @loader_path/Frameworks";
				PRODUCT_BUNDLE_IDENTIFIER = com.christang.DiceeTests;
				PRODUCT_NAME = "$(TARGET_NAME)";
				SWIFT_VERSION = 4.0;
				TARGETED_DEVICE_FAMILY = "1,2";
				TEST_HOST = "$(BUILT_PRODUCTS_DIR)/Dicee.app/Dicee";
			};
			name = Debug;
		};
		2DBB7406204EE56200C3C5F8 /* Release */ = {
			isa = XCBuildConfiguration;
			buildSettings = {
				ALWAYS_EMBED_SWIFT_STANDARD_LIBRARIES = YES;
				BUNDLE_LOADER = "$(TEST_HOST)";
				CODE_SIGN_STYLE = Automatic;
				INFOPLIST_FILE = DiceeTests/Info.plist;
				LD_RUNPATH_SEARCH_PATHS = "$(inherited) @executable_path/Frameworks @loader_path/Frameworks";
				PRODUCT_BUNDLE_IDENTIFIER = com.christang.DiceeTests;
				PRODUCT_NAME = "$(TARGET_NAME)";
				SWIFT_VERSION = 4.0;
				TARGETED_DEVICE_FAMILY = "1,2";
				TEST_HOST = "$(BUILT_PRODUCTS_DIR)/Dicee.app/Dicee";
			};
			name = Release;
		};
/* End XCBuildConfiguration section */

/* Begin XCConfigurationList section */
		2DBB73DC204EE56200C3C5F8 /* Build configuration list for PBXProject "Dicee" */ = {
			isa = XCConfigurationList;
			buildConfigurations = (
				2DBB73FF204EE56200C3C5F8 /* Debug */,
				2DBB7400204EE56200C3C5F8 /* Release */,
			);
			defaultConfigurationIsVisible = 0;
			defaultConfigurationName = Release;
		};
		2DBB7401204EE56200C3C5F8 /* Build configuration list for PBXNativeTarget "Dicee" */ = {
			isa = XCConfigurationList;
			buildConfigurations = (
				2DBB7402204EE56200C3C5F8 /* Debug */,
				2DBB7403204EE56200C3C5F8 /* Release */,
			);
			defaultConfigurationIsVisible = 0;
			defaultConfigurationName = Release;
		};
		2DBB7404204EE56200C3C5F8 /* Build configuration list for PBXNativeTarget "DiceeTests" */ = {
			isa = XCConfigurationList;
			buildConfigurations = (
				2DBB7405204EE56200C3C5F8 /* Debug */,
				2DBB7406204EE56200C3C5F8 /* Release */,
			);
			defaultConfigurationIsVisible = 0;
			defaultConfigurationName = Release;
		};
/* End XCConfigurationList section */

/* Begin XCVersionGroup section */
		2DBB73EB204EE56200C3C5F8 /* Dicee.xcdatamodeld */ = {
			isa = XCVersionGroup;
			children = (
				2DBB73EC204EE56200C3C5F8 /* Dicee.xcdatamodel */,
			);
			currentVersion = 2DBB73EC204EE56200C3C5F8 /* Dicee.xcdatamodel */;
			path = Dicee.xcdatamodeld;
			sourceTree = "<group>";
			versionGroupType = wrapper.xcdatamodel;
		};
/* End XCVersionGroup section */
	};
	rootObject = 2DBB73D9204EE56200C3C5F8 /* Project object */;
}
